// !$*UTF8*$!
{
	archiveVersion = 1;
	classes = {
	};
	objectVersion = 50;
	objects = {

/* Begin PBXBuildFile section */
		B85A06D222368B2600CCB039 /* AppDelegate.swift in Sources */ = {isa = PBXBuildFile; fileRef = B85A06D122368B2600CCB039 /* AppDelegate.swift */; };
		B85A06D422368B2600CCB039 /* GameScene.sks in Resources */ = {isa = PBXBuildFile; fileRef = B85A06D322368B2600CCB039 /* GameScene.sks */; };
		B85A06D622368B2600CCB039 /* Actions.sks in Resources */ = {isa = PBXBuildFile; fileRef = B85A06D522368B2600CCB039 /* Actions.sks */; };
		B85A06D822368B2600CCB039 /* GameScene.swift in Sources */ = {isa = PBXBuildFile; fileRef = B85A06D722368B2600CCB039 /* GameScene.swift */; };
		B85A06DA22368B2600CCB039 /* GameViewController.swift in Sources */ = {isa = PBXBuildFile; fileRef = B85A06D922368B2600CCB039 /* GameViewController.swift */; };
		B85A06DD22368B2600CCB039 /* Main.storyboard in Resources */ = {isa = PBXBuildFile; fileRef = B85A06DB22368B2600CCB039 /* Main.storyboard */; };
		B85A06DF22368B2700CCB039 /* Assets.xcassets in Resources */ = {isa = PBXBuildFile; fileRef = B85A06DE22368B2700CCB039 /* Assets.xcassets */; };
		B85A06E222368B2700CCB039 /* LaunchScreen.storyboard in Resources */ = {isa = PBXBuildFile; fileRef = B85A06E022368B2700CCB039 /* LaunchScreen.storyboard */; };
/* End PBXBuildFile section */

/* Begin PBXFileReference section */
		B85A06CE22368B2600CCB039 /* TriangleTouch.app */ = {isa = PBXFileReference; explicitFileType = wrapper.application; includeInIndex = 0; path = TriangleTouch.app; sourceTree = BUILT_PRODUCTS_DIR; };
		B85A06D122368B2600CCB039 /* AppDelegate.swift */ = {isa = PBXFileReference; lastKnownFileType = sourcecode.swift; path = AppDelegate.swift; sourceTree = "<group>"; };
		B85A06D322368B2600CCB039 /* GameScene.sks */ = {isa = PBXFileReference; lastKnownFileType = file.sks; path = GameScene.sks; sourceTree = "<group>"; };
		B85A06D522368B2600CCB039 /* Actions.sks */ = {isa = PBXFileReference; lastKnownFileType = file.sks; path = Actions.sks; sourceTree = "<group>"; };
		B85A06D722368B2600CCB039 /* GameScene.swift */ = {isa = PBXFileReference; lastKnownFileType = sourcecode.swift; path = GameScene.swift; sourceTree = "<group>"; };
		B85A06D922368B2600CCB039 /* GameViewController.swift */ = {isa = PBXFileReference; lastKnownFileType = sourcecode.swift; path = GameViewController.swift; sourceTree = "<group>"; };
		B85A06DC22368B2600CCB039 /* Base */ = {isa = PBXFileReference; lastKnownFileType = file.storyboard; name = Base; path = Base.lproj/Main.storyboard; sourceTree = "<group>"; };
		B85A06DE22368B2700CCB039 /* Assets.xcassets */ = {isa = PBXFileReference; lastKnownFileType = folder.assetcatalog; path = Assets.xcassets; sourceTree = "<group>"; };
		B85A06E122368B2700CCB039 /* Base */ = {isa = PBXFileReference; lastKnownFileType = file.storyboard; name = Base; path = Base.lproj/LaunchScreen.storyboard; sourceTree = "<group>"; };
		B85A06E322368B2700CCB039 /* Info.plist */ = {isa = PBXFileReference; lastKnownFileType = text.plist.xml; path = Info.plist; sourceTree = "<group>"; };
/* End PBXFileReference section */

/* Begin PBXFrameworksBuildPhase section */
		B85A06CB22368B2600CCB039 /* Frameworks */ = {
			isa = PBXFrameworksBuildPhase;
			buildActionMask = 2147483647;
			files = (
			);
			runOnlyForDeploymentPostprocessing = 0;
		};
/* End PBXFrameworksBuildPhase section */

/* Begin PBXGroup section */
		B85A06C522368B2600CCB039 = {
			isa = PBXGroup;
			children = (
				B85A06D022368B2600CCB039 /* TriangleTouch */,
				B85A06CF22368B2600CCB039 /* Products */,
			);
			sourceTree = "<group>";
		};
		B85A06CF22368B2600CCB039 /* Products */ = {
			isa = PBXGroup;
			children = (
				B85A06CE22368B2600CCB039 /* TriangleTouch.app */,
			);
			name = Products;
			sourceTree = "<group>";
		};
		B85A06D022368B2600CCB039 /* TriangleTouch */ = {
			isa = PBXGroup;
			children = (
				B85A06D122368B2600CCB039 /* AppDelegate.swift */,
				B85A06D322368B2600CCB039 /* GameScene.sks */,
				B85A06D522368B2600CCB039 /* Actions.sks */,
				B85A06D722368B2600CCB039 /* GameScene.swift */,
				B85A06D922368B2600CCB039 /* GameViewController.swift */,
				B85A06DB22368B2600CCB039 /* Main.storyboard */,
				B85A06DE22368B2700CCB039 /* Assets.xcassets */,
				B85A06E022368B2700CCB039 /* LaunchScreen.storyboard */,
				B85A06E322368B2700CCB039 /* Info.plist */,
			);
			path = TriangleTouch;
			sourceTree = "<group>";
		};
/* End PBXGroup section */

/* Begin PBXNativeTarget section */
		B85A06CD22368B2600CCB039 /* TriangleTouch */ = {
			isa = PBXNativeTarget;
			buildConfigurationList = B85A06E622368B2700CCB039 /* Build configuration list for PBXNativeTarget "TriangleTouch" */;
			buildPhases = (
				B85A06CA22368B2600CCB039 /* Sources */,
				B85A06CB22368B2600CCB039 /* Frameworks */,
				B85A06CC22368B2600CCB039 /* Resources */,
			);
			buildRules = (
			);
			dependencies = (
			);
			name = TriangleTouch;
			productName = TriangleTouch;
			productReference = B85A06CE22368B2600CCB039 /* TriangleTouch.app */;
			productType = "com.apple.product-type.application";
		};
/* End PBXNativeTarget section */

/* Begin PBXProject section */
		B85A06C622368B2600CCB039 /* Project object */ = {
			isa = PBXProject;
			attributes = {
				LastSwiftUpdateCheck = 1020;
				LastUpgradeCheck = 1020;
				ORGANIZATIONNAME = "Vlad Munteanu";
				TargetAttributes = {
					B85A06CD22368B2600CCB039 = {
						CreatedOnToolsVersion = 10.2;
					};
				};
			};
			buildConfigurationList = B85A06C922368B2600CCB039 /* Build configuration list for PBXProject "TriangleTouch" */;
			compatibilityVersion = "Xcode 9.3";
			developmentRegion = en;
			hasScannedForEncodings = 0;
			knownRegions = (
				en,
				Base,
			);
			mainGroup = B85A06C522368B2600CCB039;
			productRefGroup = B85A06CF22368B2600CCB039 /* Products */;
			projectDirPath = "";
			projectRoot = "";
			targets = (
				B85A06CD22368B2600CCB039 /* TriangleTouch */,
			);
		};
/* End PBXProject section */

/* Begin PBXResourcesBuildPhase section */
		B85A06CC22368B2600CCB039 /* Resources */ = {
			isa = PBXResourcesBuildPhase;
			buildActionMask = 2147483647;
			files = (
				B85A06DD22368B2600CCB039 /* Main.storyboard in Resources */,
				B85A06D422368B2600CCB039 /* GameScene.sks in Resources */,
				B85A06DF22368B2700CCB039 /* Assets.xcassets in Resources */,
				B85A06E222368B2700CCB039 /* LaunchScreen.storyboard in Resources */,
				B85A06D622368B2600CCB039 /* Actions.sks in Resources */,
			);
			runOnlyForDeploymentPostprocessing = 0;
		};
/* End PBXResourcesBuildPhase section */

/* Begin PBXSourcesBuildPhase section */
		B85A06CA22368B2600CCB039 /* Sources */ = {
			isa = PBXSourcesBuildPhase;
			buildActionMask = 2147483647;
			files = (
				B85A06D822368B2600CCB039 /* GameScene.swift in Sources */,
				B85A06DA22368B2600CCB039 /* GameViewController.swift in Sources */,
				B85A06D222368B2600CCB039 /* AppDelegate.swift in Sources */,
			);
			runOnlyForDeploymentPostprocessing = 0;
		};
/* End PBXSourcesBuildPhase section */

/* Begin PBXVariantGroup section */
		B85A06DB22368B2600CCB039 /* Main.storyboard */ = {
			isa = PBXVariantGroup;
			children = (
				B85A06DC22368B2600CCB039 /* Base */,
			);
			name = Main.storyboard;
			sourceTree = "<group>";
		};
		B85A06E022368B2700CCB039 /* LaunchScreen.storyboard */ = {
			isa = PBXVariantGroup;
			children = (
				B85A06E122368B2700CCB039 /* Base */,
			);
			name = LaunchScreen.storyboard;
			sourceTree = "<group>";
		};
/* End PBXVariantGroup section */

/* Begin XCBuildConfiguration section */
		B85A06E422368B2700CCB039 /* Debug */ = {
			isa = XCBuildConfiguration;
			buildSettings = {
				ALWAYS_SEARCH_USER_PATHS = NO;
				CLANG_ANALYZER_NONNULL = YES;
				CLANG_ANALYZER_NUMBER_OBJECT_CONVERSION = YES_AGGRESSIVE;
				CLANG_CXX_LANGUAGE_STANDARD = "gnu++14";
				CLANG_CXX_LIBRARY = "libc++";
				CLANG_ENABLE_MODULES = YES;
				CLANG_ENABLE_OBJC_ARC = YES;
				CLANG_ENABLE_OBJC_WEAK = YES;
				CLANG_WARN_BLOCK_CAPTURE_AUTORELEASING = YES;
				CLANG_WARN_BOOL_CONVERSION = YES;
				CLANG_WARN_COMMA = YES;
				CLANG_WARN_CONSTANT_CONVERSION = YES;
				CLANG_WARN_DEPRECATED_OBJC_IMPLEMENTATIONS = YES;
				CLANG_WARN_DIRECT_OBJC_ISA_USAGE = YES_ERROR;
				CLANG_WARN_DOCUMENTATION_COMMENTS = YES;
				CLANG_WARN_EMPTY_BODY = YES;
				CLANG_WARN_ENUM_CONVERSION = YES;
				CLANG_WARN_INFINITE_RECURSION = YES;
				CLANG_WARN_INT_CONVERSION = YES;
				CLANG_WARN_NON_LITERAL_NULL_CONVERSION = YES;
				CLANG_WARN_OBJC_IMPLICIT_RETAIN_SELF = YES;
				CLANG_WARN_OBJC_LITERAL_CONVERSION = YES;
				CLANG_WARN_OBJC_ROOT_CLASS = YES_ERROR;
				CLANG_WARN_RANGE_LOOP_ANALYSIS = YES;
				CLANG_WARN_STRICT_PROTOTYPES = YES;
				CLANG_WARN_SUSPICIOUS_MOVE = YES;
				CLANG_WARN_UNGUARDED_AVAILABILITY = YES_AGGRESSIVE;
				CLANG_WARN_UNREACHABLE_CODE = YES;
				CLANG_WARN__DUPLICATE_METHOD_MATCH = YES;
				CODE_SIGN_IDENTITY = "iPhone Developer";
				COPY_PHASE_STRIP = NO;
				DEBUG_INFORMATION_FORMAT = dwarf;
				ENABLE_STRICT_OBJC_MSGSEND = YES;
				ENABLE_TESTABILITY = YES;
				GCC_C_LANGUAGE_STANDARD = gnu11;
				GCC_DYNAMIC_NO_PIC = NO;
				GCC_NO_COMMON_BLOCKS = YES;
				GCC_OPTIMIZATION_LEVEL = 0;
				GCC_PREPROCESSOR_DEFINITIONS = (
					"DEBUG=1",
					"$(inherited)",
				);
				GCC_WARN_64_TO_32_BIT_CONVERSION = YES;
				GCC_WARN_ABOUT_RETURN_TYPE = YES_ERROR;
				GCC_WARN_UNDECLARED_SELECTOR = YES;
				GCC_WARN_UNINITIALIZED_AUTOS = YES_AGGRESSIVE;
				GCC_WARN_UNUSED_FUNCTION = YES;
				GCC_WARN_UNUSED_VARIABLE = YES;
				IPHONEOS_DEPLOYMENT_TARGET = 10.0;
				MTL_ENABLE_DEBUG_INFO = INCLUDE_SOURCE;
				MTL_FAST_MATH = YES;
				ONLY_ACTIVE_ARCH = YES;
				SDKROOT = iphoneos;
				SWIFT_ACTIVE_COMPILATION_CONDITIONS = DEBUG;
				SWIFT_OPTIMIZATION_LEVEL = "-Onone";
			};
			name = Debug;
		};
		B85A06E522368B2700CCB039 /* Release */ = {
			isa = XCBuildConfiguration;
			buildSettings = {
				ALWAYS_SEARCH_USER_PATHS = NO;
				CLANG_ANALYZER_NONNULL = YES;
				CLANG_ANALYZER_NUMBER_OBJECT_CONVERSION = YES_AGGRESSIVE;
				CLANG_CXX_LANGUAGE_STANDARD = "gnu++14";
				CLANG_CXX_LIBRARY = "libc++";
				CLANG_ENABLE_MODULES = YES;
				CLANG_ENABLE_OBJC_ARC = YES;
				CLANG_ENABLE_OBJC_WEAK = YES;
				CLANG_WARN_BLOCK_CAPTURE_AUTORELEASING = YES;
				CLANG_WARN_BOOL_CONVERSION = YES;
				CLANG_WARN_COMMA = YES;
				CLANG_WARN_CONSTANT_CONVERSION = YES;
				CLANG_WARN_DEPRECATED_OBJC_IMPLEMENTATIONS = YES;
				CLANG_WARN_DIRECT_OBJC_ISA_USAGE = YES_ERROR;
				CLANG_WARN_DOCUMENTATION_COMMENTS = YES;
				CLANG_WARN_EMPTY_BODY = YES;
				CLANG_WARN_ENUM_CONVERSION = YES;
				CLANG_WARN_INFINITE_RECURSION = YES;
				CLANG_WARN_INT_CONVERSION = YES;
				CLANG_WARN_NON_LITERAL_NULL_CONVERSION = YES;
				CLANG_WARN_OBJC_IMPLICIT_RETAIN_SELF = YES;
				CLANG_WARN_OBJC_LITERAL_CONVERSION = YES;
				CLANG_WARN_OBJC_ROOT_CLASS = YES_ERROR;
				CLANG_WARN_RANGE_LOOP_ANALYSIS = YES;
				CLANG_WARN_STRICT_PROTOTYPES = YES;
				CLANG_WARN_SUSPICIOUS_MOVE = YES;
				CLANG_WARN_UNGUARDED_AVAILABILITY = YES_AGGRESSIVE;
				CLANG_WARN_UNREACHABLE_CODE = YES;
				CLANG_WARN__DUPLICATE_METHOD_MATCH = YES;
				CODE_SIGN_IDENTITY = "iPhone Developer";
				COPY_PHASE_STRIP = NO;
				DEBUG_INFORMATION_FORMAT = "dwarf-with-dsym";
				ENABLE_NS_ASSERTIONS = NO;
				ENABLE_STRICT_OBJC_MSGSEND = YES;
				GCC_C_LANGUAGE_STANDARD = gnu11;
				GCC_NO_COMMON_BLOCKS = YES;
				GCC_WARN_64_TO_32_BIT_CONVERSION = YES;
				GCC_WARN_ABOUT_RETURN_TYPE = YES_ERROR;
				GCC_WARN_UNDECLARED_SELECTOR = YES;
				GCC_WARN_UNINITIALIZED_AUTOS = YES_AGGRESSIVE;
				GCC_WARN_UNUSED_FUNCTION = YES;
				GCC_WARN_UNUSED_VARIABLE = YES;
				IPHONEOS_DEPLOYMENT_TARGET = 10.0;
				MTL_ENABLE_DEBUG_INFO = NO;
				MTL_FAST_MATH = YES;
				SDKROOT = iphoneos;
				SWIFT_COMPILATION_MODE = wholemodule;
				SWIFT_OPTIMIZATION_LEVEL = "-O";
				VALIDATE_PRODUCT = YES;
			};
			name = Release;
		};
		B85A06E722368B2700CCB039 /* Debug */ = {
			isa = XCBuildConfiguration;
			buildSettings = {
				ASSETCATALOG_COMPILER_APPICON_NAME = AppIcon;
				CODE_SIGN_STYLE = Automatic;
				DEVELOPMENT_TEAM = B8C8RXSHKT;
				INFOPLIST_FILE = TriangleTouch/Info.plist;
				LD_RUNPATH_SEARCH_PATHS = (
					"$(inherited)",
					"@executable_path/Frameworks",
				);
				PRODUCT_BUNDLE_IDENTIFIER = LesGarcons.TriangleTouch;
				PRODUCT_NAME = "$(TARGET_NAME)";
				SWIFT_VERSION = 5.0;
				TARGETED_DEVICE_FAMILY = "1,2";
			};
			name = Debug;
		};
		B85A06E822368B2700CCB039 /* Release */ = {
			isa = XCBuildConfiguration;
			buildSettings = {
				ASSETCATALOG_COMPILER_APPICON_NAME = AppIcon;
				CODE_SIGN_STYLE = Automatic;
				DEVELOPMENT_TEAM = B8C8RXSHKT;
				INFOPLIST_FILE = TriangleTouch/Info.plist;
				LD_RUNPATH_SEARCH_PATHS = (
					"$(inherited)",
					"@executable_path/Frameworks",
				);
				PRODUCT_BUNDLE_IDENTIFIER = LesGarcons.TriangleTouch;
				PRODUCT_NAME = "$(TARGET_NAME)";
				SWIFT_VERSION = 5.0;
				TARGETED_DEVICE_FAMILY = "1,2";
			};
			name = Release;
		};
/* End XCBuildConfiguration section */

/* Begin XCConfigurationList section */
		B85A06C922368B2600CCB039 /* Build configuration list for PBXProject "TriangleTouch" */ = {
			isa = XCConfigurationList;
			buildConfigurations = (
				B85A06E422368B2700CCB039 /* Debug */,
				B85A06E522368B2700CCB039 /* Release */,
			);
			defaultConfigurationIsVisible = 0;
			defaultConfigurationName = Release;
		};
		B85A06E622368B2700CCB039 /* Build configuration list for PBXNativeTarget "TriangleTouch" */ = {
			isa = XCConfigurationList;
			buildConfigurations = (
				B85A06E722368B2700CCB039 /* Debug */,
				B85A06E822368B2700CCB039 /* Release */,
			);
			defaultConfigurationIsVisible = 0;
			defaultConfigurationName = Release;
		};
/* End XCConfigurationList section */
	};
	rootObject = B85A06C622368B2600CCB039 /* Project object */;
}
