// !$*UTF8*$!
{
	archiveVersion = 1;
	classes = {
	};
	objectVersion = 50;
	objects = {

/* Begin PBXBuildFile section */
		B81A4D722208777200B1660C /* AppDelegate.swift in Sources */ = {isa = PBXBuildFile; fileRef = B81A4D712208777200B1660C /* AppDelegate.swift */; };
		B81A4D782208777200B1660C /* GameScene.swift in Sources */ = {isa = PBXBuildFile; fileRef = B81A4D772208777200B1660C /* GameScene.swift */; };
		B81A4D7A2208777200B1660C /* GameViewController.swift in Sources */ = {isa = PBXBuildFile; fileRef = B81A4D792208777200B1660C /* GameViewController.swift */; };
		B81A4D7D2208777200B1660C /* Main.storyboard in Resources */ = {isa = PBXBuildFile; fileRef = B81A4D7B2208777200B1660C /* Main.storyboard */; };
		B81A4D7F2208777300B1660C /* Assets.xcassets in Resources */ = {isa = PBXBuildFile; fileRef = B81A4D7E2208777300B1660C /* Assets.xcassets */; };
		B81A4D822208777300B1660C /* LaunchScreen.storyboard in Resources */ = {isa = PBXBuildFile; fileRef = B81A4D802208777300B1660C /* LaunchScreen.storyboard */; };
		B81A4D8A22087A6000B1660C /* Grid.swift in Sources */ = {isa = PBXBuildFile; fileRef = B81A4D8922087A6000B1660C /* Grid.swift */; };
		B8DD593A220B1EA900372152 /* Wolves.swift in Sources */ = {isa = PBXBuildFile; fileRef = B8DD5939220B1EA900372152 /* Wolves.swift */; };
		B8DD593C220B1EB300372152 /* Grass.swift in Sources */ = {isa = PBXBuildFile; fileRef = B8DD593B220B1EB300372152 /* Grass.swift */; };
		B8DD593E220B1EBC00372152 /* Bunny.swift in Sources */ = {isa = PBXBuildFile; fileRef = B8DD593D220B1EBC00372152 /* Bunny.swift */; };
		B8DD5940220B1FFD00372152 /* MainMenuScene.swift in Sources */ = {isa = PBXBuildFile; fileRef = B8DD593F220B1FFD00372152 /* MainMenuScene.swift */; };
/* End PBXBuildFile section */

/* Begin PBXFileReference section */
		B81A4D6E2208777200B1660C /* DrunkCube.app */ = {isa = PBXFileReference; explicitFileType = wrapper.application; includeInIndex = 0; path = DrunkCube.app; sourceTree = BUILT_PRODUCTS_DIR; };
		B81A4D712208777200B1660C /* AppDelegate.swift */ = {isa = PBXFileReference; lastKnownFileType = sourcecode.swift; path = AppDelegate.swift; sourceTree = "<group>"; };
		B81A4D772208777200B1660C /* GameScene.swift */ = {isa = PBXFileReference; lastKnownFileType = sourcecode.swift; path = GameScene.swift; sourceTree = "<group>"; };
		B81A4D792208777200B1660C /* GameViewController.swift */ = {isa = PBXFileReference; lastKnownFileType = sourcecode.swift; path = GameViewController.swift; sourceTree = "<group>"; };
		B81A4D7C2208777200B1660C /* Base */ = {isa = PBXFileReference; lastKnownFileType = file.storyboard; name = Base; path = Base.lproj/Main.storyboard; sourceTree = "<group>"; };
		B81A4D7E2208777300B1660C /* Assets.xcassets */ = {isa = PBXFileReference; lastKnownFileType = folder.assetcatalog; path = Assets.xcassets; sourceTree = "<group>"; };
		B81A4D812208777300B1660C /* Base */ = {isa = PBXFileReference; lastKnownFileType = file.storyboard; name = Base; path = Base.lproj/LaunchScreen.storyboard; sourceTree = "<group>"; };
		B81A4D832208777300B1660C /* Info.plist */ = {isa = PBXFileReference; lastKnownFileType = text.plist.xml; path = Info.plist; sourceTree = "<group>"; };
		B81A4D8922087A6000B1660C /* Grid.swift */ = {isa = PBXFileReference; lastKnownFileType = sourcecode.swift; path = Grid.swift; sourceTree = "<group>"; };
		B8DD5939220B1EA900372152 /* Wolves.swift */ = {isa = PBXFileReference; lastKnownFileType = sourcecode.swift; path = Wolves.swift; sourceTree = "<group>"; };
		B8DD593B220B1EB300372152 /* Grass.swift */ = {isa = PBXFileReference; lastKnownFileType = sourcecode.swift; path = Grass.swift; sourceTree = "<group>"; };
		B8DD593D220B1EBC00372152 /* Bunny.swift */ = {isa = PBXFileReference; lastKnownFileType = sourcecode.swift; path = Bunny.swift; sourceTree = "<group>"; };
		B8DD593F220B1FFD00372152 /* MainMenuScene.swift */ = {isa = PBXFileReference; lastKnownFileType = sourcecode.swift; path = MainMenuScene.swift; sourceTree = "<group>"; };
/* End PBXFileReference section */

/* Begin PBXFrameworksBuildPhase section */
		B81A4D6B2208777200B1660C /* Frameworks */ = {
			isa = PBXFrameworksBuildPhase;
			buildActionMask = 2147483647;
			files = (
			);
			runOnlyForDeploymentPostprocessing = 0;
		};
/* End PBXFrameworksBuildPhase section */

/* Begin PBXGroup section */
		B81A4D652208777200B1660C = {
			isa = PBXGroup;
			children = (
				B81A4D702208777200B1660C /* DrunkCube */,
				B81A4D6F2208777200B1660C /* Products */,
			);
			sourceTree = "<group>";
		};
		B81A4D6F2208777200B1660C /* Products */ = {
			isa = PBXGroup;
			children = (
				B81A4D6E2208777200B1660C /* DrunkCube.app */,
			);
			name = Products;
			sourceTree = "<group>";
		};
		B81A4D702208777200B1660C /* DrunkCube */ = {
			isa = PBXGroup;
			children = (
				B8DD5941220B200200372152 /* Scenes */,
				B8DD5938220B1E5500372152 /* Sprites */,
				B81A4D712208777200B1660C /* AppDelegate.swift */,
				B81A4D772208777200B1660C /* GameScene.swift */,
				B81A4D792208777200B1660C /* GameViewController.swift */,
				B81A4D7B2208777200B1660C /* Main.storyboard */,
				B81A4D7E2208777300B1660C /* Assets.xcassets */,
				B81A4D802208777300B1660C /* LaunchScreen.storyboard */,
				B81A4D832208777300B1660C /* Info.plist */,
				B81A4D8922087A6000B1660C /* Grid.swift */,
			);
			path = DrunkCube;
			sourceTree = "<group>";
		};
		B8DD5938220B1E5500372152 /* Sprites */ = {
			isa = PBXGroup;
			children = (
				B8DD5939220B1EA900372152 /* Wolves.swift */,
				B8DD593B220B1EB300372152 /* Grass.swift */,
				B8DD593D220B1EBC00372152 /* Bunny.swift */,
			);
			path = Sprites;
			sourceTree = "<group>";
		};
		B8DD5941220B200200372152 /* Scenes */ = {
			isa = PBXGroup;
			children = (
				B8DD593F220B1FFD00372152 /* MainMenuScene.swift */,
			);
			path = Scenes;
			sourceTree = "<group>";
		};
/* End PBXGroup section */

/* Begin PBXNativeTarget section */
		B81A4D6D2208777200B1660C /* DrunkCube */ = {
			isa = PBXNativeTarget;
			buildConfigurationList = B81A4D862208777300B1660C /* Build configuration list for PBXNativeTarget "DrunkCube" */;
			buildPhases = (
				B81A4D6A2208777200B1660C /* Sources */,
				B81A4D6B2208777200B1660C /* Frameworks */,
				B81A4D6C2208777200B1660C /* Resources */,
			);
			buildRules = (
			);
			dependencies = (
			);
			name = DrunkCube;
			productName = DrunkCube;
			productReference = B81A4D6E2208777200B1660C /* DrunkCube.app */;
			productType = "com.apple.product-type.application";
		};
/* End PBXNativeTarget section */

/* Begin PBXProject section */
		B81A4D662208777200B1660C /* Project object */ = {
			isa = PBXProject;
			attributes = {
				LastSwiftUpdateCheck = 1020;
				LastUpgradeCheck = 1020;
				ORGANIZATIONNAME = "Vlad Munteanu";
				TargetAttributes = {
					B81A4D6D2208777200B1660C = {
						CreatedOnToolsVersion = 10.2;
					};
				};
			};
			buildConfigurationList = B81A4D692208777200B1660C /* Build configuration list for PBXProject "DrunkCube" */;
			compatibilityVersion = "Xcode 9.3";
			developmentRegion = en;
			hasScannedForEncodings = 0;
			knownRegions = (
				en,
				Base,
			);
			mainGroup = B81A4D652208777200B1660C;
			productRefGroup = B81A4D6F2208777200B1660C /* Products */;
			projectDirPath = "";
			projectRoot = "";
			targets = (
				B81A4D6D2208777200B1660C /* DrunkCube */,
			);
		};
/* End PBXProject section */

/* Begin PBXResourcesBuildPhase section */
		B81A4D6C2208777200B1660C /* Resources */ = {
			isa = PBXResourcesBuildPhase;
			buildActionMask = 2147483647;
			files = (
				B81A4D7D2208777200B1660C /* Main.storyboard in Resources */,
				B81A4D7F2208777300B1660C /* Assets.xcassets in Resources */,
				B81A4D822208777300B1660C /* LaunchScreen.storyboard in Resources */,
			);
			runOnlyForDeploymentPostprocessing = 0;
		};
/* End PBXResourcesBuildPhase section */

/* Begin PBXSourcesBuildPhase section */
		B81A4D6A2208777200B1660C /* Sources */ = {
			isa = PBXSourcesBuildPhase;
			buildActionMask = 2147483647;
			files = (
				B81A4D782208777200B1660C /* GameScene.swift in Sources */,
				B81A4D7A2208777200B1660C /* GameViewController.swift in Sources */,
				B8DD593C220B1EB300372152 /* Grass.swift in Sources */,
				B8DD593E220B1EBC00372152 /* Bunny.swift in Sources */,
				B81A4D722208777200B1660C /* AppDelegate.swift in Sources */,
				B81A4D8A22087A6000B1660C /* Grid.swift in Sources */,
				B8DD5940220B1FFD00372152 /* MainMenuScene.swift in Sources */,
				B8DD593A220B1EA900372152 /* Wolves.swift in Sources */,
			);
			runOnlyForDeploymentPostprocessing = 0;
		};
/* End PBXSourcesBuildPhase section */

/* Begin PBXVariantGroup section */
		B81A4D7B2208777200B1660C /* Main.storyboard */ = {
			isa = PBXVariantGroup;
			children = (
				B81A4D7C2208777200B1660C /* Base */,
			);
			name = Main.storyboard;
			sourceTree = "<group>";
		};
		B81A4D802208777300B1660C /* LaunchScreen.storyboard */ = {
			isa = PBXVariantGroup;
			children = (
				B81A4D812208777300B1660C /* Base */,
			);
			name = LaunchScreen.storyboard;
			sourceTree = "<group>";
		};
/* End PBXVariantGroup section */

/* Begin XCBuildConfiguration section */
		B81A4D842208777300B1660C /* Debug */ = {
			isa = XCBuildConfiguration;
			buildSettings = {
				ALWAYS_SEARCH_USER_PATHS = NO;
				CLANG_ANALYZER_NONNULL = YES;
				CLANG_ANALYZER_NUMBER_OBJECT_CONVERSION = YES_AGGRESSIVE;
				CLANG_CXX_LANGUAGE_STANDARD = "gnu++14";
				CLANG_CXX_LIBRARY = "libc++";
				CLANG_ENABLE_MODULES = YES;
				CLANG_ENABLE_OBJC_ARC = YES;
				CLANG_ENABLE_OBJC_WEAK = YES;
				CLANG_WARN_BLOCK_CAPTURE_AUTORELEASING = YES;
				CLANG_WARN_BOOL_CONVERSION = YES;
				CLANG_WARN_COMMA = YES;
				CLANG_WARN_CONSTANT_CONVERSION = YES;
				CLANG_WARN_DEPRECATED_OBJC_IMPLEMENTATIONS = YES;
				CLANG_WARN_DIRECT_OBJC_ISA_USAGE = YES_ERROR;
				CLANG_WARN_DOCUMENTATION_COMMENTS = YES;
				CLANG_WARN_EMPTY_BODY = YES;
				CLANG_WARN_ENUM_CONVERSION = YES;
				CLANG_WARN_INFINITE_RECURSION = YES;
				CLANG_WARN_INT_CONVERSION = YES;
				CLANG_WARN_NON_LITERAL_NULL_CONVERSION = YES;
				CLANG_WARN_OBJC_IMPLICIT_RETAIN_SELF = YES;
				CLANG_WARN_OBJC_LITERAL_CONVERSION = YES;
				CLANG_WARN_OBJC_ROOT_CLASS = YES_ERROR;
				CLANG_WARN_RANGE_LOOP_ANALYSIS = YES;
				CLANG_WARN_STRICT_PROTOTYPES = YES;
				CLANG_WARN_SUSPICIOUS_MOVE = YES;
				CLANG_WARN_UNGUARDED_AVAILABILITY = YES_AGGRESSIVE;
				CLANG_WARN_UNREACHABLE_CODE = YES;
				CLANG_WARN__DUPLICATE_METHOD_MATCH = YES;
				CODE_SIGN_IDENTITY = "iPhone Developer";
				COPY_PHASE_STRIP = NO;
				DEBUG_INFORMATION_FORMAT = dwarf;
				ENABLE_STRICT_OBJC_MSGSEND = YES;
				ENABLE_TESTABILITY = YES;
				GCC_C_LANGUAGE_STANDARD = gnu11;
				GCC_DYNAMIC_NO_PIC = NO;
				GCC_NO_COMMON_BLOCKS = YES;
				GCC_OPTIMIZATION_LEVEL = 0;
				GCC_PREPROCESSOR_DEFINITIONS = (
					"DEBUG=1",
					"$(inherited)",
				);
				GCC_WARN_64_TO_32_BIT_CONVERSION = YES;
				GCC_WARN_ABOUT_RETURN_TYPE = YES_ERROR;
				GCC_WARN_UNDECLARED_SELECTOR = YES;
				GCC_WARN_UNINITIALIZED_AUTOS = YES_AGGRESSIVE;
				GCC_WARN_UNUSED_FUNCTION = YES;
				GCC_WARN_UNUSED_VARIABLE = YES;
				IPHONEOS_DEPLOYMENT_TARGET = 10.0;
				MTL_ENABLE_DEBUG_INFO = INCLUDE_SOURCE;
				MTL_FAST_MATH = YES;
				ONLY_ACTIVE_ARCH = YES;
				SDKROOT = iphoneos;
				SWIFT_ACTIVE_COMPILATION_CONDITIONS = DEBUG;
				SWIFT_OPTIMIZATION_LEVEL = "-Onone";
			};
			name = Debug;
		};
		B81A4D852208777300B1660C /* Release */ = {
			isa = XCBuildConfiguration;
			buildSettings = {
				ALWAYS_SEARCH_USER_PATHS = NO;
				CLANG_ANALYZER_NONNULL = YES;
				CLANG_ANALYZER_NUMBER_OBJECT_CONVERSION = YES_AGGRESSIVE;
				CLANG_CXX_LANGUAGE_STANDARD = "gnu++14";
				CLANG_CXX_LIBRARY = "libc++";
				CLANG_ENABLE_MODULES = YES;
				CLANG_ENABLE_OBJC_ARC = YES;
				CLANG_ENABLE_OBJC_WEAK = YES;
				CLANG_WARN_BLOCK_CAPTURE_AUTORELEASING = YES;
				CLANG_WARN_BOOL_CONVERSION = YES;
				CLANG_WARN_COMMA = YES;
				CLANG_WARN_CONSTANT_CONVERSION = YES;
				CLANG_WARN_DEPRECATED_OBJC_IMPLEMENTATIONS = YES;
				CLANG_WARN_DIRECT_OBJC_ISA_USAGE = YES_ERROR;
				CLANG_WARN_DOCUMENTATION_COMMENTS = YES;
				CLANG_WARN_EMPTY_BODY = YES;
				CLANG_WARN_ENUM_CONVERSION = YES;
				CLANG_WARN_INFINITE_RECURSION = YES;
				CLANG_WARN_INT_CONVERSION = YES;
				CLANG_WARN_NON_LITERAL_NULL_CONVERSION = YES;
				CLANG_WARN_OBJC_IMPLICIT_RETAIN_SELF = YES;
				CLANG_WARN_OBJC_LITERAL_CONVERSION = YES;
				CLANG_WARN_OBJC_ROOT_CLASS = YES_ERROR;
				CLANG_WARN_RANGE_LOOP_ANALYSIS = YES;
				CLANG_WARN_STRICT_PROTOTYPES = YES;
				CLANG_WARN_SUSPICIOUS_MOVE = YES;
				CLANG_WARN_UNGUARDED_AVAILABILITY = YES_AGGRESSIVE;
				CLANG_WARN_UNREACHABLE_CODE = YES;
				CLANG_WARN__DUPLICATE_METHOD_MATCH = YES;
				CODE_SIGN_IDENTITY = "iPhone Developer";
				COPY_PHASE_STRIP = NO;
				DEBUG_INFORMATION_FORMAT = "dwarf-with-dsym";
				ENABLE_NS_ASSERTIONS = NO;
				ENABLE_STRICT_OBJC_MSGSEND = YES;
				GCC_C_LANGUAGE_STANDARD = gnu11;
				GCC_NO_COMMON_BLOCKS = YES;
				GCC_WARN_64_TO_32_BIT_CONVERSION = YES;
				GCC_WARN_ABOUT_RETURN_TYPE = YES_ERROR;
				GCC_WARN_UNDECLARED_SELECTOR = YES;
				GCC_WARN_UNINITIALIZED_AUTOS = YES_AGGRESSIVE;
				GCC_WARN_UNUSED_FUNCTION = YES;
				GCC_WARN_UNUSED_VARIABLE = YES;
				IPHONEOS_DEPLOYMENT_TARGET = 10.0;
				MTL_ENABLE_DEBUG_INFO = NO;
				MTL_FAST_MATH = YES;
				SDKROOT = iphoneos;
				SWIFT_COMPILATION_MODE = wholemodule;
				SWIFT_OPTIMIZATION_LEVEL = "-O";
				VALIDATE_PRODUCT = YES;
			};
			name = Release;
		};
		B81A4D872208777300B1660C /* Debug */ = {
			isa = XCBuildConfiguration;
			buildSettings = {
				ASSETCATALOG_COMPILER_APPICON_NAME = AppIcon;
				CODE_SIGN_STYLE = Automatic;
				DEVELOPMENT_TEAM = B8C8RXSHKT;
				INFOPLIST_FILE = DrunkCube/Info.plist;
				LD_RUNPATH_SEARCH_PATHS = (
					"$(inherited)",
					"@executable_path/Frameworks",
				);
				PRODUCT_BUNDLE_IDENTIFIER = LesGarcons.DrunkCube;
				PRODUCT_NAME = "$(TARGET_NAME)";
				SWIFT_VERSION = 5.0;
				TARGETED_DEVICE_FAMILY = "1,2";
			};
			name = Debug;
		};
		B81A4D882208777300B1660C /* Release */ = {
			isa = XCBuildConfiguration;
			buildSettings = {
				ASSETCATALOG_COMPILER_APPICON_NAME = AppIcon;
				CODE_SIGN_STYLE = Automatic;
				DEVELOPMENT_TEAM = B8C8RXSHKT;
				INFOPLIST_FILE = DrunkCube/Info.plist;
				LD_RUNPATH_SEARCH_PATHS = (
					"$(inherited)",
					"@executable_path/Frameworks",
				);
				PRODUCT_BUNDLE_IDENTIFIER = LesGarcons.DrunkCube;
				PRODUCT_NAME = "$(TARGET_NAME)";
				SWIFT_VERSION = 5.0;
				TARGETED_DEVICE_FAMILY = "1,2";
			};
			name = Release;
		};
/* End XCBuildConfiguration section */

/* Begin XCConfigurationList section */
		B81A4D692208777200B1660C /* Build configuration list for PBXProject "DrunkCube" */ = {
			isa = XCConfigurationList;
			buildConfigurations = (
				B81A4D842208777300B1660C /* Debug */,
				B81A4D852208777300B1660C /* Release */,
			);
			defaultConfigurationIsVisible = 0;
			defaultConfigurationName = Release;
		};
		B81A4D862208777300B1660C /* Build configuration list for PBXNativeTarget "DrunkCube" */ = {
			isa = XCConfigurationList;
			buildConfigurations = (
				B81A4D872208777300B1660C /* Debug */,
				B81A4D882208777300B1660C /* Release */,
			);
			defaultConfigurationIsVisible = 0;
			defaultConfigurationName = Release;
		};
/* End XCConfigurationList section */
	};
	rootObject = B81A4D662208777200B1660C /* Project object */;
}
