// !$*UTF8*$!
{
	archiveVersion = 1;
	classes = {
	};
	objectVersion = 50;
	objects = {

/* Begin PBXBuildFile section */
		26A5B713B0770C24076C75FE /* Pods_BlackJack.framework in Frameworks */ = {isa = PBXBuildFile; fileRef = 2CB43B9696008678B69A221B /* Pods_BlackJack.framework */; };
		FC55D0A8228F9F3800EDA8B8 /* AppDelegate.swift in Sources */ = {isa = PBXBuildFile; fileRef = FC55D0A7228F9F3800EDA8B8 /* AppDelegate.swift */; };
		FC55D0AA228F9F3800EDA8B8 /* MainVC.swift in Sources */ = {isa = PBXBuildFile; fileRef = FC55D0A9228F9F3800EDA8B8 /* MainVC.swift */; };
		FC55D0AF228F9F3A00EDA8B8 /* Assets.xcassets in Resources */ = {isa = PBXBuildFile; fileRef = FC55D0AE228F9F3A00EDA8B8 /* Assets.xcassets */; };
		FC55D0B2228F9F3A00EDA8B8 /* LaunchScreen.storyboard in Resources */ = {isa = PBXBuildFile; fileRef = FC55D0B0228F9F3A00EDA8B8 /* LaunchScreen.storyboard */; };
		FCA2546222925290000A6479 /* Card.swift in Sources */ = {isa = PBXBuildFile; fileRef = FCA2546122925290000A6479 /* Card.swift */; };
		FCA2546422925299000A6479 /* Game.swift in Sources */ = {isa = PBXBuildFile; fileRef = FCA2546322925299000A6479 /* Game.swift */; };
/* End PBXBuildFile section */

/* Begin PBXFileReference section */
		2CB43B9696008678B69A221B /* Pods_BlackJack.framework */ = {isa = PBXFileReference; explicitFileType = wrapper.framework; includeInIndex = 0; path = Pods_BlackJack.framework; sourceTree = BUILT_PRODUCTS_DIR; };
		93EDD89BA807E1D253A8F70F /* Pods-BlackJack.debug.xcconfig */ = {isa = PBXFileReference; includeInIndex = 1; lastKnownFileType = text.xcconfig; name = "Pods-BlackJack.debug.xcconfig"; path = "Target Support Files/Pods-BlackJack/Pods-BlackJack.debug.xcconfig"; sourceTree = "<group>"; };
		E4409BD790B8368DD35E9C21 /* Pods-BlackJack.release.xcconfig */ = {isa = PBXFileReference; includeInIndex = 1; lastKnownFileType = text.xcconfig; name = "Pods-BlackJack.release.xcconfig"; path = "Target Support Files/Pods-BlackJack/Pods-BlackJack.release.xcconfig"; sourceTree = "<group>"; };
		FC55D0A4228F9F3800EDA8B8 /* BlackJack.app */ = {isa = PBXFileReference; explicitFileType = wrapper.application; includeInIndex = 0; path = BlackJack.app; sourceTree = BUILT_PRODUCTS_DIR; };
		FC55D0A7228F9F3800EDA8B8 /* AppDelegate.swift */ = {isa = PBXFileReference; lastKnownFileType = sourcecode.swift; path = AppDelegate.swift; sourceTree = "<group>"; };
		FC55D0A9228F9F3800EDA8B8 /* MainVC.swift */ = {isa = PBXFileReference; lastKnownFileType = sourcecode.swift; path = MainVC.swift; sourceTree = "<group>"; };
		FC55D0AE228F9F3A00EDA8B8 /* Assets.xcassets */ = {isa = PBXFileReference; lastKnownFileType = folder.assetcatalog; path = Assets.xcassets; sourceTree = "<group>"; };
		FC55D0B1228F9F3A00EDA8B8 /* Base */ = {isa = PBXFileReference; lastKnownFileType = file.storyboard; name = Base; path = Base.lproj/LaunchScreen.storyboard; sourceTree = "<group>"; };
		FC55D0B3228F9F3A00EDA8B8 /* Info.plist */ = {isa = PBXFileReference; lastKnownFileType = text.plist.xml; path = Info.plist; sourceTree = "<group>"; };
		FCA2546122925290000A6479 /* Card.swift */ = {isa = PBXFileReference; lastKnownFileType = sourcecode.swift; path = Card.swift; sourceTree = "<group>"; };
		FCA2546322925299000A6479 /* Game.swift */ = {isa = PBXFileReference; lastKnownFileType = sourcecode.swift; path = Game.swift; sourceTree = "<group>"; };
/* End PBXFileReference section */

/* Begin PBXFrameworksBuildPhase section */
		FC55D0A1228F9F3800EDA8B8 /* Frameworks */ = {
			isa = PBXFrameworksBuildPhase;
			buildActionMask = 2147483647;
			files = (
				26A5B713B0770C24076C75FE /* Pods_BlackJack.framework in Frameworks */,
			);
			runOnlyForDeploymentPostprocessing = 0;
		};
/* End PBXFrameworksBuildPhase section */

/* Begin PBXGroup section */
		6C343A47A9A372787E76181D /* Pods */ = {
			isa = PBXGroup;
			children = (
				93EDD89BA807E1D253A8F70F /* Pods-BlackJack.debug.xcconfig */,
				E4409BD790B8368DD35E9C21 /* Pods-BlackJack.release.xcconfig */,
			);
			path = Pods;
			sourceTree = "<group>";
		};
		73D909A8EE99FAB5D093AF49 /* Frameworks */ = {
			isa = PBXGroup;
			children = (
				2CB43B9696008678B69A221B /* Pods_BlackJack.framework */,
			);
			name = Frameworks;
			sourceTree = "<group>";
		};
		FC55D09B228F9F3800EDA8B8 = {
			isa = PBXGroup;
			children = (
				FC55D0A6228F9F3800EDA8B8 /* BlackJack */,
				FC55D0A5228F9F3800EDA8B8 /* Products */,
				6C343A47A9A372787E76181D /* Pods */,
				73D909A8EE99FAB5D093AF49 /* Frameworks */,
			);
			sourceTree = "<group>";
		};
		FC55D0A5228F9F3800EDA8B8 /* Products */ = {
			isa = PBXGroup;
			children = (
				FC55D0A4228F9F3800EDA8B8 /* BlackJack.app */,
			);
			name = Products;
			sourceTree = "<group>";
		};
		FC55D0A6228F9F3800EDA8B8 /* BlackJack */ = {
			isa = PBXGroup;
			children = (
				FC55D0B92290903D00EDA8B8 /* View */,
				FC55D0BA2290904100EDA8B8 /* Model */,
				FC55D0BB2290904400EDA8B8 /* Controller */,
				FC55D0BC2290904A00EDA8B8 /* Supporting Files */,
				FC55D0B3228F9F3A00EDA8B8 /* Info.plist */,
			);
			path = BlackJack;
			sourceTree = "<group>";
		};
		FC55D0B92290903D00EDA8B8 /* View */ = {
			isa = PBXGroup;
			children = (
			);
			path = View;
			sourceTree = "<group>";
		};
		FC55D0BA2290904100EDA8B8 /* Model */ = {
			isa = PBXGroup;
			children = (
				FCA2546122925290000A6479 /* Card.swift */,
				FCA2546322925299000A6479 /* Game.swift */,
			);
			path = Model;
			sourceTree = "<group>";
		};
		FC55D0BB2290904400EDA8B8 /* Controller */ = {
			isa = PBXGroup;
			children = (
				FC55D0A9228F9F3800EDA8B8 /* MainVC.swift */,
			);
			path = Controller;
			sourceTree = "<group>";
		};
		FC55D0BC2290904A00EDA8B8 /* Supporting Files */ = {
			isa = PBXGroup;
			children = (
				FC55D0A7228F9F3800EDA8B8 /* AppDelegate.swift */,
				FC55D0B0228F9F3A00EDA8B8 /* LaunchScreen.storyboard */,
				FC55D0AE228F9F3A00EDA8B8 /* Assets.xcassets */,
			);
			path = "Supporting Files";
			sourceTree = "<group>";
		};
/* End PBXGroup section */

/* Begin PBXNativeTarget section */
		FC55D0A3228F9F3800EDA8B8 /* BlackJack */ = {
			isa = PBXNativeTarget;
			buildConfigurationList = FC55D0B6228F9F3A00EDA8B8 /* Build configuration list for PBXNativeTarget "BlackJack" */;
			buildPhases = (
				6DC7264C2C83E0337ACD4BDF /* [CP] Check Pods Manifest.lock */,
				FC55D0A0228F9F3800EDA8B8 /* Sources */,
				FC55D0A1228F9F3800EDA8B8 /* Frameworks */,
				FC55D0A2228F9F3800EDA8B8 /* Resources */,
				994B9599B92ABA7B1474A787 /* [CP] Embed Pods Frameworks */,
			);
			buildRules = (
			);
			dependencies = (
			);
			name = BlackJack;
			productName = BlackJack;
			productReference = FC55D0A4228F9F3800EDA8B8 /* BlackJack.app */;
			productType = "com.apple.product-type.application";
		};
/* End PBXNativeTarget section */

/* Begin PBXProject section */
		FC55D09C228F9F3800EDA8B8 /* Project object */ = {
			isa = PBXProject;
			attributes = {
				LastSwiftUpdateCheck = 1020;
				LastUpgradeCheck = 1020;
				ORGANIZATIONNAME = "Vlad Munteanu";
				TargetAttributes = {
					FC55D0A3228F9F3800EDA8B8 = {
						CreatedOnToolsVersion = 10.2.1;
					};
				};
			};
			buildConfigurationList = FC55D09F228F9F3800EDA8B8 /* Build configuration list for PBXProject "BlackJack" */;
			compatibilityVersion = "Xcode 9.3";
			developmentRegion = en;
			hasScannedForEncodings = 0;
			knownRegions = (
				en,
				Base,
			);
			mainGroup = FC55D09B228F9F3800EDA8B8;
			productRefGroup = FC55D0A5228F9F3800EDA8B8 /* Products */;
			projectDirPath = "";
			projectRoot = "";
			targets = (
				FC55D0A3228F9F3800EDA8B8 /* BlackJack */,
			);
		};
/* End PBXProject section */

/* Begin PBXResourcesBuildPhase section */
		FC55D0A2228F9F3800EDA8B8 /* Resources */ = {
			isa = PBXResourcesBuildPhase;
			buildActionMask = 2147483647;
			files = (
				FC55D0B2228F9F3A00EDA8B8 /* LaunchScreen.storyboard in Resources */,
				FC55D0AF228F9F3A00EDA8B8 /* Assets.xcassets in Resources */,
			);
			runOnlyForDeploymentPostprocessing = 0;
		};
/* End PBXResourcesBuildPhase section */

/* Begin PBXShellScriptBuildPhase section */
		6DC7264C2C83E0337ACD4BDF /* [CP] Check Pods Manifest.lock */ = {
			isa = PBXShellScriptBuildPhase;
			buildActionMask = 2147483647;
			files = (
			);
			inputFileListPaths = (
			);
			inputPaths = (
				"${PODS_PODFILE_DIR_PATH}/Podfile.lock",
				"${PODS_ROOT}/Manifest.lock",
			);
			name = "[CP] Check Pods Manifest.lock";
			outputFileListPaths = (
			);
			outputPaths = (
				"$(DERIVED_FILE_DIR)/Pods-BlackJack-checkManifestLockResult.txt",
			);
			runOnlyForDeploymentPostprocessing = 0;
			shellPath = /bin/sh;
			shellScript = "diff \"${PODS_PODFILE_DIR_PATH}/Podfile.lock\" \"${PODS_ROOT}/Manifest.lock\" > /dev/null\nif [ $? != 0 ] ; then\n    # print error to STDERR\n    echo \"error: The sandbox is not in sync with the Podfile.lock. Run 'pod install' or update your CocoaPods installation.\" >&2\n    exit 1\nfi\n# This output is used by Xcode 'outputs' to avoid re-running this script phase.\necho \"SUCCESS\" > \"${SCRIPT_OUTPUT_FILE_0}\"\n";
			showEnvVarsInLog = 0;
		};
		994B9599B92ABA7B1474A787 /* [CP] Embed Pods Frameworks */ = {
			isa = PBXShellScriptBuildPhase;
			buildActionMask = 2147483647;
			files = (
			);
			inputFileListPaths = (
			);
			inputPaths = (
				"${PODS_ROOT}/Target Support Files/Pods-BlackJack/Pods-BlackJack-frameworks.sh",
				"${BUILT_PRODUCTS_DIR}/SnapKit/SnapKit.framework",
			);
			name = "[CP] Embed Pods Frameworks";
			outputFileListPaths = (
			);
			outputPaths = (
				"${TARGET_BUILD_DIR}/${FRAMEWORKS_FOLDER_PATH}/SnapKit.framework",
			);
			runOnlyForDeploymentPostprocessing = 0;
			shellPath = /bin/sh;
			shellScript = "\"${PODS_ROOT}/Target Support Files/Pods-BlackJack/Pods-BlackJack-frameworks.sh\"\n";
			showEnvVarsInLog = 0;
		};
/* End PBXShellScriptBuildPhase section */

/* Begin PBXSourcesBuildPhase section */
		FC55D0A0228F9F3800EDA8B8 /* Sources */ = {
			isa = PBXSourcesBuildPhase;
			buildActionMask = 2147483647;
			files = (
				FC55D0AA228F9F3800EDA8B8 /* MainVC.swift in Sources */,
				FCA2546222925290000A6479 /* Card.swift in Sources */,
				FC55D0A8228F9F3800EDA8B8 /* AppDelegate.swift in Sources */,
				FCA2546422925299000A6479 /* Game.swift in Sources */,
			);
			runOnlyForDeploymentPostprocessing = 0;
		};
/* End PBXSourcesBuildPhase section */

/* Begin PBXVariantGroup section */
		FC55D0B0228F9F3A00EDA8B8 /* LaunchScreen.storyboard */ = {
			isa = PBXVariantGroup;
			children = (
				FC55D0B1228F9F3A00EDA8B8 /* Base */,
			);
			name = LaunchScreen.storyboard;
			sourceTree = "<group>";
		};
/* End PBXVariantGroup section */

/* Begin XCBuildConfiguration section */
		FC55D0B4228F9F3A00EDA8B8 /* Debug */ = {
			isa = XCBuildConfiguration;
			buildSettings = {
				ALWAYS_SEARCH_USER_PATHS = NO;
				CLANG_ANALYZER_NONNULL = YES;
				CLANG_ANALYZER_NUMBER_OBJECT_CONVERSION = YES_AGGRESSIVE;
				CLANG_CXX_LANGUAGE_STANDARD = "gnu++14";
				CLANG_CXX_LIBRARY = "libc++";
				CLANG_ENABLE_MODULES = YES;
				CLANG_ENABLE_OBJC_ARC = YES;
				CLANG_ENABLE_OBJC_WEAK = YES;
				CLANG_WARN_BLOCK_CAPTURE_AUTORELEASING = YES;
				CLANG_WARN_BOOL_CONVERSION = YES;
				CLANG_WARN_COMMA = YES;
				CLANG_WARN_CONSTANT_CONVERSION = YES;
				CLANG_WARN_DEPRECATED_OBJC_IMPLEMENTATIONS = YES;
				CLANG_WARN_DIRECT_OBJC_ISA_USAGE = YES_ERROR;
				CLANG_WARN_DOCUMENTATION_COMMENTS = YES;
				CLANG_WARN_EMPTY_BODY = YES;
				CLANG_WARN_ENUM_CONVERSION = YES;
				CLANG_WARN_INFINITE_RECURSION = YES;
				CLANG_WARN_INT_CONVERSION = YES;
				CLANG_WARN_NON_LITERAL_NULL_CONVERSION = YES;
				CLANG_WARN_OBJC_IMPLICIT_RETAIN_SELF = YES;
				CLANG_WARN_OBJC_LITERAL_CONVERSION = YES;
				CLANG_WARN_OBJC_ROOT_CLASS = YES_ERROR;
				CLANG_WARN_RANGE_LOOP_ANALYSIS = YES;
				CLANG_WARN_STRICT_PROTOTYPES = YES;
				CLANG_WARN_SUSPICIOUS_MOVE = YES;
				CLANG_WARN_UNGUARDED_AVAILABILITY = YES_AGGRESSIVE;
				CLANG_WARN_UNREACHABLE_CODE = YES;
				CLANG_WARN__DUPLICATE_METHOD_MATCH = YES;
				CODE_SIGN_IDENTITY = "iPhone Developer";
				COPY_PHASE_STRIP = NO;
				DEBUG_INFORMATION_FORMAT = dwarf;
				ENABLE_STRICT_OBJC_MSGSEND = YES;
				ENABLE_TESTABILITY = YES;
				GCC_C_LANGUAGE_STANDARD = gnu11;
				GCC_DYNAMIC_NO_PIC = NO;
				GCC_NO_COMMON_BLOCKS = YES;
				GCC_OPTIMIZATION_LEVEL = 0;
				GCC_PREPROCESSOR_DEFINITIONS = (
					"DEBUG=1",
					"$(inherited)",
				);
				GCC_WARN_64_TO_32_BIT_CONVERSION = YES;
				GCC_WARN_ABOUT_RETURN_TYPE = YES_ERROR;
				GCC_WARN_UNDECLARED_SELECTOR = YES;
				GCC_WARN_UNINITIALIZED_AUTOS = YES_AGGRESSIVE;
				GCC_WARN_UNUSED_FUNCTION = YES;
				GCC_WARN_UNUSED_VARIABLE = YES;
				IPHONEOS_DEPLOYMENT_TARGET = 11.0;
				MTL_ENABLE_DEBUG_INFO = INCLUDE_SOURCE;
				MTL_FAST_MATH = YES;
				ONLY_ACTIVE_ARCH = YES;
				SDKROOT = iphoneos;
				SWIFT_ACTIVE_COMPILATION_CONDITIONS = DEBUG;
				SWIFT_OPTIMIZATION_LEVEL = "-Onone";
			};
			name = Debug;
		};
		FC55D0B5228F9F3A00EDA8B8 /* Release */ = {
			isa = XCBuildConfiguration;
			buildSettings = {
				ALWAYS_SEARCH_USER_PATHS = NO;
				CLANG_ANALYZER_NONNULL = YES;
				CLANG_ANALYZER_NUMBER_OBJECT_CONVERSION = YES_AGGRESSIVE;
				CLANG_CXX_LANGUAGE_STANDARD = "gnu++14";
				CLANG_CXX_LIBRARY = "libc++";
				CLANG_ENABLE_MODULES = YES;
				CLANG_ENABLE_OBJC_ARC = YES;
				CLANG_ENABLE_OBJC_WEAK = YES;
				CLANG_WARN_BLOCK_CAPTURE_AUTORELEASING = YES;
				CLANG_WARN_BOOL_CONVERSION = YES;
				CLANG_WARN_COMMA = YES;
				CLANG_WARN_CONSTANT_CONVERSION = YES;
				CLANG_WARN_DEPRECATED_OBJC_IMPLEMENTATIONS = YES;
				CLANG_WARN_DIRECT_OBJC_ISA_USAGE = YES_ERROR;
				CLANG_WARN_DOCUMENTATION_COMMENTS = YES;
				CLANG_WARN_EMPTY_BODY = YES;
				CLANG_WARN_ENUM_CONVERSION = YES;
				CLANG_WARN_INFINITE_RECURSION = YES;
				CLANG_WARN_INT_CONVERSION = YES;
				CLANG_WARN_NON_LITERAL_NULL_CONVERSION = YES;
				CLANG_WARN_OBJC_IMPLICIT_RETAIN_SELF = YES;
				CLANG_WARN_OBJC_LITERAL_CONVERSION = YES;
				CLANG_WARN_OBJC_ROOT_CLASS = YES_ERROR;
				CLANG_WARN_RANGE_LOOP_ANALYSIS = YES;
				CLANG_WARN_STRICT_PROTOTYPES = YES;
				CLANG_WARN_SUSPICIOUS_MOVE = YES;
				CLANG_WARN_UNGUARDED_AVAILABILITY = YES_AGGRESSIVE;
				CLANG_WARN_UNREACHABLE_CODE = YES;
				CLANG_WARN__DUPLICATE_METHOD_MATCH = YES;
				CODE_SIGN_IDENTITY = "iPhone Developer";
				COPY_PHASE_STRIP = NO;
				DEBUG_INFORMATION_FORMAT = "dwarf-with-dsym";
				ENABLE_NS_ASSERTIONS = NO;
				ENABLE_STRICT_OBJC_MSGSEND = YES;
				GCC_C_LANGUAGE_STANDARD = gnu11;
				GCC_NO_COMMON_BLOCKS = YES;
				GCC_WARN_64_TO_32_BIT_CONVERSION = YES;
				GCC_WARN_ABOUT_RETURN_TYPE = YES_ERROR;
				GCC_WARN_UNDECLARED_SELECTOR = YES;
				GCC_WARN_UNINITIALIZED_AUTOS = YES_AGGRESSIVE;
				GCC_WARN_UNUSED_FUNCTION = YES;
				GCC_WARN_UNUSED_VARIABLE = YES;
				IPHONEOS_DEPLOYMENT_TARGET = 11.0;
				MTL_ENABLE_DEBUG_INFO = NO;
				MTL_FAST_MATH = YES;
				SDKROOT = iphoneos;
				SWIFT_COMPILATION_MODE = wholemodule;
				SWIFT_OPTIMIZATION_LEVEL = "-O";
				VALIDATE_PRODUCT = YES;
			};
			name = Release;
		};
		FC55D0B7228F9F3A00EDA8B8 /* Debug */ = {
			isa = XCBuildConfiguration;
			baseConfigurationReference = 93EDD89BA807E1D253A8F70F /* Pods-BlackJack.debug.xcconfig */;
			buildSettings = {
				ASSETCATALOG_COMPILER_APPICON_NAME = AppIcon;
				CODE_SIGN_STYLE = Automatic;
				DEVELOPMENT_TEAM = B8C8RXSHKT;
				INFOPLIST_FILE = BlackJack/Info.plist;
				LD_RUNPATH_SEARCH_PATHS = (
					"$(inherited)",
					"@executable_path/Frameworks",
				);
				PRODUCT_BUNDLE_IDENTIFIER = LesGarcons.BlackJack;
				PRODUCT_NAME = "$(TARGET_NAME)";
				SWIFT_VERSION = 5.0;
				TARGETED_DEVICE_FAMILY = "1,2";
			};
			name = Debug;
		};
		FC55D0B8228F9F3A00EDA8B8 /* Release */ = {
			isa = XCBuildConfiguration;
			baseConfigurationReference = E4409BD790B8368DD35E9C21 /* Pods-BlackJack.release.xcconfig */;
			buildSettings = {
				ASSETCATALOG_COMPILER_APPICON_NAME = AppIcon;
				CODE_SIGN_STYLE = Automatic;
				DEVELOPMENT_TEAM = B8C8RXSHKT;
				INFOPLIST_FILE = BlackJack/Info.plist;
				LD_RUNPATH_SEARCH_PATHS = (
					"$(inherited)",
					"@executable_path/Frameworks",
				);
				PRODUCT_BUNDLE_IDENTIFIER = LesGarcons.BlackJack;
				PRODUCT_NAME = "$(TARGET_NAME)";
				SWIFT_VERSION = 5.0;
				TARGETED_DEVICE_FAMILY = "1,2";
			};
			name = Release;
		};
/* End XCBuildConfiguration section */

/* Begin XCConfigurationList section */
		FC55D09F228F9F3800EDA8B8 /* Build configuration list for PBXProject "BlackJack" */ = {
			isa = XCConfigurationList;
			buildConfigurations = (
				FC55D0B4228F9F3A00EDA8B8 /* Debug */,
				FC55D0B5228F9F3A00EDA8B8 /* Release */,
			);
			defaultConfigurationIsVisible = 0;
			defaultConfigurationName = Release;
		};
		FC55D0B6228F9F3A00EDA8B8 /* Build configuration list for PBXNativeTarget "BlackJack" */ = {
			isa = XCConfigurationList;
			buildConfigurations = (
				FC55D0B7228F9F3A00EDA8B8 /* Debug */,
				FC55D0B8228F9F3A00EDA8B8 /* Release */,
			);
			defaultConfigurationIsVisible = 0;
			defaultConfigurationName = Release;
		};
/* End XCConfigurationList section */
	};
	rootObject = FC55D09C228F9F3800EDA8B8 /* Project object */;
}
