// !$*UTF8*$!
{
	archiveVersion = 1;
	classes = {
	};
	objectVersion = 50;
	objects = {

/* Begin PBXBuildFile section */
		6D4F583C3846CBA1B15ED121 /* Pods_GraphTheory.framework in Frameworks */ = {isa = PBXBuildFile; fileRef = 5289C46C7A08B8269CCFC3D7 /* Pods_GraphTheory.framework */; };
		B81013E2223982AB00C65875 /* MainMenuScene.swift in Sources */ = {isa = PBXBuildFile; fileRef = B81013E1223982AB00C65875 /* MainMenuScene.swift */; };
		B81013E5223982C500C65875 /* Alertable.swift in Sources */ = {isa = PBXBuildFile; fileRef = B81013E4223982C500C65875 /* Alertable.swift */; };
		B81013E72239835700C65875 /* NormalScene.swift in Sources */ = {isa = PBXBuildFile; fileRef = B81013E62239835700C65875 /* NormalScene.swift */; };
		B81013E92239922100C65875 /* NormalVC.swift in Sources */ = {isa = PBXBuildFile; fileRef = B81013E82239922100C65875 /* NormalVC.swift */; };
		B81013EB223992F700C65875 /* NormalView.swift in Sources */ = {isa = PBXBuildFile; fileRef = B81013EA223992F700C65875 /* NormalView.swift */; };
		B81013EE22399DFE00C65875 /* MainMenuVC.swift in Sources */ = {isa = PBXBuildFile; fileRef = B81013ED22399DFE00C65875 /* MainMenuVC.swift */; };
		B81013F022399E2C00C65875 /* MainMenuView.swift in Sources */ = {isa = PBXBuildFile; fileRef = B81013EF22399E2C00C65875 /* MainMenuView.swift */; };
		B81013F222399EFA00C65875 /* MainMenuDelegate.swift in Sources */ = {isa = PBXBuildFile; fileRef = B81013F122399EFA00C65875 /* MainMenuDelegate.swift */; };
		B81014342239AAB400C65875 /* LaunchScreen.storyboard in Resources */ = {isa = PBXBuildFile; fileRef = B81014332239AAB400C65875 /* LaunchScreen.storyboard */; };
		B85A07FC22392D2300CCB039 /* AppDelegate.swift in Sources */ = {isa = PBXBuildFile; fileRef = B85A07FB22392D2300CCB039 /* AppDelegate.swift */; };
		B85A080222392D2300CCB039 /* ARScene.swift in Sources */ = {isa = PBXBuildFile; fileRef = B85A080122392D2300CCB039 /* ARScene.swift */; };
		B85A080422392D2300CCB039 /* ARVC.swift in Sources */ = {isa = PBXBuildFile; fileRef = B85A080322392D2300CCB039 /* ARVC.swift */; };
		B85A080922392D2400CCB039 /* Assets.xcassets in Resources */ = {isa = PBXBuildFile; fileRef = B85A080822392D2400CCB039 /* Assets.xcassets */; };
		B85A081A2239335900CCB039 /* ARView.swift in Sources */ = {isa = PBXBuildFile; fileRef = B85A08192239335900CCB039 /* ARView.swift */; };
/* End PBXBuildFile section */

/* Begin PBXFileReference section */
		10073D792D5C95A47F812514 /* Pods-GraphTheory.debug.xcconfig */ = {isa = PBXFileReference; includeInIndex = 1; lastKnownFileType = text.xcconfig; name = "Pods-GraphTheory.debug.xcconfig"; path = "Target Support Files/Pods-GraphTheory/Pods-GraphTheory.debug.xcconfig"; sourceTree = "<group>"; };
		5289C46C7A08B8269CCFC3D7 /* Pods_GraphTheory.framework */ = {isa = PBXFileReference; explicitFileType = wrapper.framework; includeInIndex = 0; path = Pods_GraphTheory.framework; sourceTree = BUILT_PRODUCTS_DIR; };
		9AF0D82313DB1679DD2899F0 /* Pods-GraphTheory.release.xcconfig */ = {isa = PBXFileReference; includeInIndex = 1; lastKnownFileType = text.xcconfig; name = "Pods-GraphTheory.release.xcconfig"; path = "Target Support Files/Pods-GraphTheory/Pods-GraphTheory.release.xcconfig"; sourceTree = "<group>"; };
		B81013E1223982AB00C65875 /* MainMenuScene.swift */ = {isa = PBXFileReference; lastKnownFileType = sourcecode.swift; path = MainMenuScene.swift; sourceTree = "<group>"; };
		B81013E4223982C500C65875 /* Alertable.swift */ = {isa = PBXFileReference; lastKnownFileType = sourcecode.swift; path = Alertable.swift; sourceTree = "<group>"; };
		B81013E62239835700C65875 /* NormalScene.swift */ = {isa = PBXFileReference; lastKnownFileType = sourcecode.swift; path = NormalScene.swift; sourceTree = "<group>"; };
		B81013E82239922100C65875 /* NormalVC.swift */ = {isa = PBXFileReference; lastKnownFileType = sourcecode.swift; path = NormalVC.swift; sourceTree = "<group>"; };
		B81013EA223992F700C65875 /* NormalView.swift */ = {isa = PBXFileReference; lastKnownFileType = sourcecode.swift; path = NormalView.swift; sourceTree = "<group>"; };
		B81013ED22399DFE00C65875 /* MainMenuVC.swift */ = {isa = PBXFileReference; lastKnownFileType = sourcecode.swift; path = MainMenuVC.swift; sourceTree = "<group>"; };
		B81013EF22399E2C00C65875 /* MainMenuView.swift */ = {isa = PBXFileReference; lastKnownFileType = sourcecode.swift; path = MainMenuView.swift; sourceTree = "<group>"; };
		B81013F122399EFA00C65875 /* MainMenuDelegate.swift */ = {isa = PBXFileReference; lastKnownFileType = sourcecode.swift; path = MainMenuDelegate.swift; sourceTree = "<group>"; };
		B81014332239AAB400C65875 /* LaunchScreen.storyboard */ = {isa = PBXFileReference; fileEncoding = 4; lastKnownFileType = file.storyboard; path = LaunchScreen.storyboard; sourceTree = "<group>"; };
		B85A07F822392D2300CCB039 /* GraphTheory.app */ = {isa = PBXFileReference; explicitFileType = wrapper.application; includeInIndex = 0; path = GraphTheory.app; sourceTree = BUILT_PRODUCTS_DIR; };
		B85A07FB22392D2300CCB039 /* AppDelegate.swift */ = {isa = PBXFileReference; lastKnownFileType = sourcecode.swift; path = AppDelegate.swift; sourceTree = "<group>"; };
		B85A080122392D2300CCB039 /* ARScene.swift */ = {isa = PBXFileReference; lastKnownFileType = sourcecode.swift; path = ARScene.swift; sourceTree = "<group>"; };
		B85A080322392D2300CCB039 /* ARVC.swift */ = {isa = PBXFileReference; lastKnownFileType = sourcecode.swift; path = ARVC.swift; sourceTree = "<group>"; };
		B85A080822392D2400CCB039 /* Assets.xcassets */ = {isa = PBXFileReference; lastKnownFileType = folder.assetcatalog; path = Assets.xcassets; sourceTree = "<group>"; };
		B85A080D22392D2400CCB039 /* Info.plist */ = {isa = PBXFileReference; lastKnownFileType = text.plist.xml; path = Info.plist; sourceTree = "<group>"; };
		B85A08192239335900CCB039 /* ARView.swift */ = {isa = PBXFileReference; lastKnownFileType = sourcecode.swift; path = ARView.swift; sourceTree = "<group>"; };
/* End PBXFileReference section */

/* Begin PBXFrameworksBuildPhase section */
		B85A07F522392D2300CCB039 /* Frameworks */ = {
			isa = PBXFrameworksBuildPhase;
			buildActionMask = 2147483647;
			files = (
				6D4F583C3846CBA1B15ED121 /* Pods_GraphTheory.framework in Frameworks */,
			);
			runOnlyForDeploymentPostprocessing = 0;
		};
/* End PBXFrameworksBuildPhase section */

/* Begin PBXGroup section */
		24E2B04B90DC7079899578CE /* Pods */ = {
			isa = PBXGroup;
			children = (
				10073D792D5C95A47F812514 /* Pods-GraphTheory.debug.xcconfig */,
				9AF0D82313DB1679DD2899F0 /* Pods-GraphTheory.release.xcconfig */,
			);
			path = Pods;
			sourceTree = "<group>";
		};
		B81013DF2239828700C65875 /* Scenes */ = {
			isa = PBXGroup;
			children = (
				B81013E1223982AB00C65875 /* MainMenuScene.swift */,
				B85A080122392D2300CCB039 /* ARScene.swift */,
				B81013E62239835700C65875 /* NormalScene.swift */,
			);
			path = Scenes;
			sourceTree = "<group>";
		};
		B81013E02239829000C65875 /* VC */ = {
			isa = PBXGroup;
			children = (
				B85A080322392D2300CCB039 /* ARVC.swift */,
				B81013E82239922100C65875 /* NormalVC.swift */,
				B81013ED22399DFE00C65875 /* MainMenuVC.swift */,
			);
			path = VC;
			sourceTree = "<group>";
		};
		B81013E3223982B800C65875 /* Helper Classes */ = {
			isa = PBXGroup;
			children = (
				B81013EC22399DE600C65875 /* Protocols */,
				B81013E4223982C500C65875 /* Alertable.swift */,
			);
			path = "Helper Classes";
			sourceTree = "<group>";
		};
		B81013EC22399DE600C65875 /* Protocols */ = {
			isa = PBXGroup;
			children = (
				B81013F122399EFA00C65875 /* MainMenuDelegate.swift */,
			);
			path = Protocols;
			sourceTree = "<group>";
		};
		B85A07EF22392D2300CCB039 = {
			isa = PBXGroup;
			children = (
				B85A07FA22392D2300CCB039 /* GraphTheory */,
				B85A07F922392D2300CCB039 /* Products */,
				24E2B04B90DC7079899578CE /* Pods */,
				E5BD26C092BD2A9F3224A816 /* Frameworks */,
			);
			sourceTree = "<group>";
		};
		B85A07F922392D2300CCB039 /* Products */ = {
			isa = PBXGroup;
			children = (
				B85A07F822392D2300CCB039 /* GraphTheory.app */,
			);
			name = Products;
			sourceTree = "<group>";
		};
		B85A07FA22392D2300CCB039 /* GraphTheory */ = {
			isa = PBXGroup;
			children = (
				B81013E3223982B800C65875 /* Helper Classes */,
				B85A08152239326900CCB039 /* View */,
				B85A08142239326700CCB039 /* Model */,
				B85A08132239326500CCB039 /* Controller */,
				B85A08162239327600CCB039 /* Supporting Files */,
				B85A080D22392D2400CCB039 /* Info.plist */,
			);
			path = GraphTheory;
			sourceTree = "<group>";
		};
		B85A08132239326500CCB039 /* Controller */ = {
			isa = PBXGroup;
			children = (
				B81013E02239829000C65875 /* VC */,
				B81013DF2239828700C65875 /* Scenes */,
			);
			path = Controller;
			sourceTree = "<group>";
		};
		B85A08142239326700CCB039 /* Model */ = {
			isa = PBXGroup;
			children = (
			);
			path = Model;
			sourceTree = "<group>";
		};
		B85A08152239326900CCB039 /* View */ = {
			isa = PBXGroup;
			children = (
				B85A08192239335900CCB039 /* ARView.swift */,
				B81013EA223992F700C65875 /* NormalView.swift */,
				B81013EF22399E2C00C65875 /* MainMenuView.swift */,
			);
			path = View;
			sourceTree = "<group>";
		};
		B85A08162239327600CCB039 /* Supporting Files */ = {
			isa = PBXGroup;
			children = (
				B85A07FB22392D2300CCB039 /* AppDelegate.swift */,
				B81014332239AAB400C65875 /* LaunchScreen.storyboard */,
				B85A080822392D2400CCB039 /* Assets.xcassets */,
			);
			path = "Supporting Files";
			sourceTree = "<group>";
		};
		E5BD26C092BD2A9F3224A816 /* Frameworks */ = {
			isa = PBXGroup;
			children = (
				5289C46C7A08B8269CCFC3D7 /* Pods_GraphTheory.framework */,
			);
			name = Frameworks;
			sourceTree = "<group>";
		};
/* End PBXGroup section */

/* Begin PBXNativeTarget section */
		B85A07F722392D2300CCB039 /* GraphTheory */ = {
			isa = PBXNativeTarget;
			buildConfigurationList = B85A081022392D2400CCB039 /* Build configuration list for PBXNativeTarget "GraphTheory" */;
			buildPhases = (
				1CCD03B1F2BFA8D08AFB542C /* [CP] Check Pods Manifest.lock */,
				B85A07F422392D2300CCB039 /* Sources */,
				B85A07F522392D2300CCB039 /* Frameworks */,
				B85A07F622392D2300CCB039 /* Resources */,
				FEC711314987CF38D6E36AB9 /* [CP] Embed Pods Frameworks */,
			);
			buildRules = (
			);
			dependencies = (
			);
			name = GraphTheory;
			productName = GraphTheory;
			productReference = B85A07F822392D2300CCB039 /* GraphTheory.app */;
			productType = "com.apple.product-type.application";
		};
/* End PBXNativeTarget section */

/* Begin PBXProject section */
		B85A07F022392D2300CCB039 /* Project object */ = {
			isa = PBXProject;
			attributes = {
				LastSwiftUpdateCheck = 1020;
				LastUpgradeCheck = 1020;
				ORGANIZATIONNAME = "Vlad Munteanu";
				TargetAttributes = {
					B85A07F722392D2300CCB039 = {
						CreatedOnToolsVersion = 10.2;
					};
				};
			};
			buildConfigurationList = B85A07F322392D2300CCB039 /* Build configuration list for PBXProject "GraphTheory" */;
			compatibilityVersion = "Xcode 9.3";
			developmentRegion = en;
			hasScannedForEncodings = 0;
			knownRegions = (
				en,
				Base,
			);
			mainGroup = B85A07EF22392D2300CCB039;
			productRefGroup = B85A07F922392D2300CCB039 /* Products */;
			projectDirPath = "";
			projectRoot = "";
			targets = (
				B85A07F722392D2300CCB039 /* GraphTheory */,
			);
		};
/* End PBXProject section */

/* Begin PBXResourcesBuildPhase section */
		B85A07F622392D2300CCB039 /* Resources */ = {
			isa = PBXResourcesBuildPhase;
			buildActionMask = 2147483647;
			files = (
				B85A080922392D2400CCB039 /* Assets.xcassets in Resources */,
				B81014342239AAB400C65875 /* LaunchScreen.storyboard in Resources */,
			);
			runOnlyForDeploymentPostprocessing = 0;
		};
/* End PBXResourcesBuildPhase section */

/* Begin PBXShellScriptBuildPhase section */
		1CCD03B1F2BFA8D08AFB542C /* [CP] Check Pods Manifest.lock */ = {
			isa = PBXShellScriptBuildPhase;
			buildActionMask = 2147483647;
			files = (
			);
			inputFileListPaths = (
			);
			inputPaths = (
				"${PODS_PODFILE_DIR_PATH}/Podfile.lock",
				"${PODS_ROOT}/Manifest.lock",
			);
			name = "[CP] Check Pods Manifest.lock";
			outputFileListPaths = (
			);
			outputPaths = (
				"$(DERIVED_FILE_DIR)/Pods-GraphTheory-checkManifestLockResult.txt",
			);
			runOnlyForDeploymentPostprocessing = 0;
			shellPath = /bin/sh;
			shellScript = "diff \"${PODS_PODFILE_DIR_PATH}/Podfile.lock\" \"${PODS_ROOT}/Manifest.lock\" > /dev/null\nif [ $? != 0 ] ; then\n    # print error to STDERR\n    echo \"error: The sandbox is not in sync with the Podfile.lock. Run 'pod install' or update your CocoaPods installation.\" >&2\n    exit 1\nfi\n# This output is used by Xcode 'outputs' to avoid re-running this script phase.\necho \"SUCCESS\" > \"${SCRIPT_OUTPUT_FILE_0}\"\n";
			showEnvVarsInLog = 0;
		};
		FEC711314987CF38D6E36AB9 /* [CP] Embed Pods Frameworks */ = {
			isa = PBXShellScriptBuildPhase;
			buildActionMask = 2147483647;
			files = (
			);
			inputFileListPaths = (
			);
			inputPaths = (
				"${PODS_ROOT}/Target Support Files/Pods-GraphTheory/Pods-GraphTheory-frameworks.sh",
				"${BUILT_PRODUCTS_DIR}/SnapKit/SnapKit.framework",
			);
			name = "[CP] Embed Pods Frameworks";
			outputFileListPaths = (
			);
			outputPaths = (
				"${TARGET_BUILD_DIR}/${FRAMEWORKS_FOLDER_PATH}/SnapKit.framework",
			);
			runOnlyForDeploymentPostprocessing = 0;
			shellPath = /bin/sh;
			shellScript = "\"${PODS_ROOT}/Target Support Files/Pods-GraphTheory/Pods-GraphTheory-frameworks.sh\"\n";
			showEnvVarsInLog = 0;
		};
/* End PBXShellScriptBuildPhase section */

/* Begin PBXSourcesBuildPhase section */
		B85A07F422392D2300CCB039 /* Sources */ = {
			isa = PBXSourcesBuildPhase;
			buildActionMask = 2147483647;
			files = (
				B81013EB223992F700C65875 /* NormalView.swift in Sources */,
				B81013F022399E2C00C65875 /* MainMenuView.swift in Sources */,
				B81013E5223982C500C65875 /* Alertable.swift in Sources */,
				B81013E2223982AB00C65875 /* MainMenuScene.swift in Sources */,
				B85A080222392D2300CCB039 /* ARScene.swift in Sources */,
				B81013E92239922100C65875 /* NormalVC.swift in Sources */,
				B81013F222399EFA00C65875 /* MainMenuDelegate.swift in Sources */,
				B81013E72239835700C65875 /* NormalScene.swift in Sources */,
				B81013EE22399DFE00C65875 /* MainMenuVC.swift in Sources */,
				B85A081A2239335900CCB039 /* ARView.swift in Sources */,
				B85A080422392D2300CCB039 /* ARVC.swift in Sources */,
				B85A07FC22392D2300CCB039 /* AppDelegate.swift in Sources */,
			);
			runOnlyForDeploymentPostprocessing = 0;
		};
/* End PBXSourcesBuildPhase section */

/* Begin XCBuildConfiguration section */
		B85A080E22392D2400CCB039 /* Debug */ = {
			isa = XCBuildConfiguration;
			buildSettings = {
				ALWAYS_SEARCH_USER_PATHS = NO;
				CLANG_ANALYZER_NONNULL = YES;
				CLANG_ANALYZER_NUMBER_OBJECT_CONVERSION = YES_AGGRESSIVE;
				CLANG_CXX_LANGUAGE_STANDARD = "gnu++14";
				CLANG_CXX_LIBRARY = "libc++";
				CLANG_ENABLE_MODULES = YES;
				CLANG_ENABLE_OBJC_ARC = YES;
				CLANG_ENABLE_OBJC_WEAK = YES;
				CLANG_WARN_BLOCK_CAPTURE_AUTORELEASING = YES;
				CLANG_WARN_BOOL_CONVERSION = YES;
				CLANG_WARN_COMMA = YES;
				CLANG_WARN_CONSTANT_CONVERSION = YES;
				CLANG_WARN_DEPRECATED_OBJC_IMPLEMENTATIONS = YES;
				CLANG_WARN_DIRECT_OBJC_ISA_USAGE = YES_ERROR;
				CLANG_WARN_DOCUMENTATION_COMMENTS = YES;
				CLANG_WARN_EMPTY_BODY = YES;
				CLANG_WARN_ENUM_CONVERSION = YES;
				CLANG_WARN_INFINITE_RECURSION = YES;
				CLANG_WARN_INT_CONVERSION = YES;
				CLANG_WARN_NON_LITERAL_NULL_CONVERSION = YES;
				CLANG_WARN_OBJC_IMPLICIT_RETAIN_SELF = YES;
				CLANG_WARN_OBJC_LITERAL_CONVERSION = YES;
				CLANG_WARN_OBJC_ROOT_CLASS = YES_ERROR;
				CLANG_WARN_RANGE_LOOP_ANALYSIS = YES;
				CLANG_WARN_STRICT_PROTOTYPES = YES;
				CLANG_WARN_SUSPICIOUS_MOVE = YES;
				CLANG_WARN_UNGUARDED_AVAILABILITY = YES_AGGRESSIVE;
				CLANG_WARN_UNREACHABLE_CODE = YES;
				CLANG_WARN__DUPLICATE_METHOD_MATCH = YES;
				CODE_SIGN_IDENTITY = "iPhone Developer";
				COPY_PHASE_STRIP = NO;
				DEBUG_INFORMATION_FORMAT = dwarf;
				ENABLE_STRICT_OBJC_MSGSEND = YES;
				ENABLE_TESTABILITY = YES;
				GCC_C_LANGUAGE_STANDARD = gnu11;
				GCC_DYNAMIC_NO_PIC = NO;
				GCC_NO_COMMON_BLOCKS = YES;
				GCC_OPTIMIZATION_LEVEL = 0;
				GCC_PREPROCESSOR_DEFINITIONS = (
					"DEBUG=1",
					"$(inherited)",
				);
				GCC_WARN_64_TO_32_BIT_CONVERSION = YES;
				GCC_WARN_ABOUT_RETURN_TYPE = YES_ERROR;
				GCC_WARN_UNDECLARED_SELECTOR = YES;
				GCC_WARN_UNINITIALIZED_AUTOS = YES_AGGRESSIVE;
				GCC_WARN_UNUSED_FUNCTION = YES;
				GCC_WARN_UNUSED_VARIABLE = YES;
				IPHONEOS_DEPLOYMENT_TARGET = 11.0;
				MTL_ENABLE_DEBUG_INFO = INCLUDE_SOURCE;
				MTL_FAST_MATH = YES;
				ONLY_ACTIVE_ARCH = YES;
				SDKROOT = iphoneos;
				SWIFT_ACTIVE_COMPILATION_CONDITIONS = DEBUG;
				SWIFT_OPTIMIZATION_LEVEL = "-Onone";
			};
			name = Debug;
		};
		B85A080F22392D2400CCB039 /* Release */ = {
			isa = XCBuildConfiguration;
			buildSettings = {
				ALWAYS_SEARCH_USER_PATHS = NO;
				CLANG_ANALYZER_NONNULL = YES;
				CLANG_ANALYZER_NUMBER_OBJECT_CONVERSION = YES_AGGRESSIVE;
				CLANG_CXX_LANGUAGE_STANDARD = "gnu++14";
				CLANG_CXX_LIBRARY = "libc++";
				CLANG_ENABLE_MODULES = YES;
				CLANG_ENABLE_OBJC_ARC = YES;
				CLANG_ENABLE_OBJC_WEAK = YES;
				CLANG_WARN_BLOCK_CAPTURE_AUTORELEASING = YES;
				CLANG_WARN_BOOL_CONVERSION = YES;
				CLANG_WARN_COMMA = YES;
				CLANG_WARN_CONSTANT_CONVERSION = YES;
				CLANG_WARN_DEPRECATED_OBJC_IMPLEMENTATIONS = YES;
				CLANG_WARN_DIRECT_OBJC_ISA_USAGE = YES_ERROR;
				CLANG_WARN_DOCUMENTATION_COMMENTS = YES;
				CLANG_WARN_EMPTY_BODY = YES;
				CLANG_WARN_ENUM_CONVERSION = YES;
				CLANG_WARN_INFINITE_RECURSION = YES;
				CLANG_WARN_INT_CONVERSION = YES;
				CLANG_WARN_NON_LITERAL_NULL_CONVERSION = YES;
				CLANG_WARN_OBJC_IMPLICIT_RETAIN_SELF = YES;
				CLANG_WARN_OBJC_LITERAL_CONVERSION = YES;
				CLANG_WARN_OBJC_ROOT_CLASS = YES_ERROR;
				CLANG_WARN_RANGE_LOOP_ANALYSIS = YES;
				CLANG_WARN_STRICT_PROTOTYPES = YES;
				CLANG_WARN_SUSPICIOUS_MOVE = YES;
				CLANG_WARN_UNGUARDED_AVAILABILITY = YES_AGGRESSIVE;
				CLANG_WARN_UNREACHABLE_CODE = YES;
				CLANG_WARN__DUPLICATE_METHOD_MATCH = YES;
				CODE_SIGN_IDENTITY = "iPhone Developer";
				COPY_PHASE_STRIP = NO;
				DEBUG_INFORMATION_FORMAT = "dwarf-with-dsym";
				ENABLE_NS_ASSERTIONS = NO;
				ENABLE_STRICT_OBJC_MSGSEND = YES;
				GCC_C_LANGUAGE_STANDARD = gnu11;
				GCC_NO_COMMON_BLOCKS = YES;
				GCC_WARN_64_TO_32_BIT_CONVERSION = YES;
				GCC_WARN_ABOUT_RETURN_TYPE = YES_ERROR;
				GCC_WARN_UNDECLARED_SELECTOR = YES;
				GCC_WARN_UNINITIALIZED_AUTOS = YES_AGGRESSIVE;
				GCC_WARN_UNUSED_FUNCTION = YES;
				GCC_WARN_UNUSED_VARIABLE = YES;
				IPHONEOS_DEPLOYMENT_TARGET = 11.0;
				MTL_ENABLE_DEBUG_INFO = NO;
				MTL_FAST_MATH = YES;
				SDKROOT = iphoneos;
				SWIFT_COMPILATION_MODE = wholemodule;
				SWIFT_OPTIMIZATION_LEVEL = "-O";
				VALIDATE_PRODUCT = YES;
			};
			name = Release;
		};
		B85A081122392D2400CCB039 /* Debug */ = {
			isa = XCBuildConfiguration;
			baseConfigurationReference = 10073D792D5C95A47F812514 /* Pods-GraphTheory.debug.xcconfig */;
			buildSettings = {
				ASSETCATALOG_COMPILER_APPICON_NAME = AppIcon;
				CODE_SIGN_STYLE = Automatic;
				DEVELOPMENT_TEAM = B8C8RXSHKT;
				INFOPLIST_FILE = GraphTheory/Info.plist;
				LD_RUNPATH_SEARCH_PATHS = (
					"$(inherited)",
					"@executable_path/Frameworks",
				);
				PRODUCT_BUNDLE_IDENTIFIER = LesGarcons.GraphTheory;
				PRODUCT_NAME = "$(TARGET_NAME)";
				SWIFT_VERSION = 5.0;
				TARGETED_DEVICE_FAMILY = "1,2";
			};
			name = Debug;
		};
		B85A081222392D2400CCB039 /* Release */ = {
			isa = XCBuildConfiguration;
			baseConfigurationReference = 9AF0D82313DB1679DD2899F0 /* Pods-GraphTheory.release.xcconfig */;
			buildSettings = {
				ASSETCATALOG_COMPILER_APPICON_NAME = AppIcon;
				CODE_SIGN_STYLE = Automatic;
				DEVELOPMENT_TEAM = B8C8RXSHKT;
				INFOPLIST_FILE = GraphTheory/Info.plist;
				LD_RUNPATH_SEARCH_PATHS = (
					"$(inherited)",
					"@executable_path/Frameworks",
				);
				PRODUCT_BUNDLE_IDENTIFIER = LesGarcons.GraphTheory;
				PRODUCT_NAME = "$(TARGET_NAME)";
				SWIFT_VERSION = 5.0;
				TARGETED_DEVICE_FAMILY = "1,2";
			};
			name = Release;
		};
/* End XCBuildConfiguration section */

/* Begin XCConfigurationList section */
		B85A07F322392D2300CCB039 /* Build configuration list for PBXProject "GraphTheory" */ = {
			isa = XCConfigurationList;
			buildConfigurations = (
				B85A080E22392D2400CCB039 /* Debug */,
				B85A080F22392D2400CCB039 /* Release */,
			);
			defaultConfigurationIsVisible = 0;
			defaultConfigurationName = Release;
		};
		B85A081022392D2400CCB039 /* Build configuration list for PBXNativeTarget "GraphTheory" */ = {
			isa = XCConfigurationList;
			buildConfigurations = (
				B85A081122392D2400CCB039 /* Debug */,
				B85A081222392D2400CCB039 /* Release */,
			);
			defaultConfigurationIsVisible = 0;
			defaultConfigurationName = Release;
		};
/* End XCConfigurationList section */
	};
	rootObject = B85A07F022392D2300CCB039 /* Project object */;
}
